
Microsoft Visual Studio Solution File, Format Version 12.00
# Visual Studio 15
Project("{FAE04EC0-301F-11D3-BF4B-00C04F79EFBC}") = "UnityEngine.UI", "UnityEngine.UI.csproj", "{E9143838-05BE-AB3C-5CF4-383FB0961BFA}"
EndProject
Project("{FAE04EC0-301F-11D3-BF4B-00C04F79EFBC}") = "UnityEngine.TestRunner", "UnityEngine.TestRunner.csproj", "{4363661C-FCB8-643A-3C3C-6073F351718F}"
EndProject
Project("{FAE04EC0-301F-11D3-BF4B-00C04F79EFBC}") = "Unity.VisualScripting.Flow", "Unity.VisualScripting.Flow.csproj", "{40D6F1B7-502C-0A2F-3320-72E5FC666956}"
EndProject
Project("{FAE04EC0-301F-11D3-BF4B-00C04F79EFBC}") = "Unity.Mathematics", "Unity.Mathematics.csproj", "{D990566C-A910-AD69-D01D-68FFB2CF63CA}"
EndProject
Project("{FAE04EC0-301F-11D3-BF4B-00C04F79EFBC}") = "UniTask", "UniTask.csproj", "{40D9EDB7-3339-725F-C8DF-113838BC2B58}"
EndProject
Project("{FAE04EC0-301F-11D3-BF4B-00C04F79EFBC}") = "Unity.VisualScripting.State", "Unity.VisualScripting.State.csproj", "{D37927EB-A4E6-BC10-1035-855075C52A40}"
EndProject
Project("{FAE04EC0-301F-11D3-BF4B-00C04F79EFBC}") = "Assembly-CSharp", "Assembly-CSharp.csproj", "{98300C76-E6E3-0CB6-DCDF-52E380A0EA75}"
EndProject
Project("{FAE04EC0-301F-11D3-BF4B-00C04F79EFBC}") = "Unity.VisualScripting.Core", "Unity.VisualScripting.Core.csproj", "{B6E82BAA-98BF-20E7-7E85-DEE09C068C07}"
EndProject
Project("{FAE04EC0-301F-11D3-BF4B-00C04F79EFBC}") = "Assembly-CSharp-firstpass", "Assembly-CSharp-firstpass.csproj", "{951C49C4-EDBA-8482-71F1-7ADE0DAA4353}"
EndProject
Project("{FAE04EC0-301F-11D3-BF4B-00C04F79EFBC}") = "UniTask.Linq", "UniTask.Linq.csproj", "{D938A1D3-9089-C2C7-DEEC-415AD63DC0F7}"
EndProject
Project("{FAE04EC0-301F-11D3-BF4B-00C04F79EFBC}") = "Unity.Burst", "Unity.Burst.csproj", "{94255351-D359-613E-9A17-9FB9973963F6}"
EndProject
Project("{FAE04EC0-301F-11D3-BF4B-00C04F79EFBC}") = "Unity.2D.Animation.Runtime", "Unity.2D.Animation.Runtime.csproj", "{2688B59B-3237-DF58-03B2-D6FC27E4A1ED}"
EndProject
Project("{FAE04EC0-301F-11D3-BF4B-00C04F79EFBC}") = "Unity.AI.Navigation", "Unity.AI.Navigation.csproj", "{A66649AA-6D46-31BB-2FF6-DE0040CD7921}"
EndProject
Project("{FAE04EC0-301F-11D3-BF4B-00C04F79EFBC}") = "Unity.TextMeshPro", "Unity.TextMeshPro.csproj", "{D921E5D7-18A7-69C2-3B7D-A0F42F2FFD95}"
EndProject
Project("{FAE04EC0-301F-11D3-BF4B-00C04F79EFBC}") = "Unity.Addressables", "Unity.Addressables.csproj", "{8C9D35F2-2A90-F9C3-F2E7-DA6132049E3E}"
EndProject
Project("{FAE04EC0-301F-11D3-BF4B-00C04F79EFBC}") = "Unity.ResourceManager", "Unity.ResourceManager.csproj", "{23AE2C71-194F-0B3C-72CD-98A8A0231149}"
EndProject
Project("{FAE04EC0-301F-11D3-BF4B-00C04F79EFBC}") = "Unity.Timeline", "Unity.Timeline.csproj", "{1FC1DBDD-4E26-5AC5-F1D5-73149115AFF0}"
EndProject
Project("{FAE04EC0-301F-11D3-BF4B-00C04F79EFBC}") = "Unity.2D.SpriteShape.Runtime", "Unity.2D.SpriteShape.Runtime.csproj", "{DD26BEF0-6F74-C48E-AB22-05AD484E42CA}"
EndProject
Project("{FAE04EC0-301F-11D3-BF4B-00C04F79EFBC}") = "Unity.ScriptableBuildPipeline", "Unity.ScriptableBuildPipeline.csproj", "{FEE60A88-B71B-6AB4-4156-C142CF05F0BB}"
EndProject
Project("{FAE04EC0-301F-11D3-BF4B-00C04F79EFBC}") = "UniTask.DOTween", "UniTask.DOTween.csproj", "{95F7E09E-C128-FA8B-BFB4-7000721A7259}"
EndProject
Project("{FAE04EC0-301F-11D3-BF4B-00C04F79EFBC}") = "Unity.2D.PixelPerfect", "Unity.2D.PixelPerfect.csproj", "{6BFE20F7-0E97-D1E1-84CB-9D477802FCD0}"
EndProject
Project("{FAE04EC0-301F-11D3-BF4B-00C04F79EFBC}") = "Unity.2D.Common.Runtime", "Unity.2D.Common.Runtime.csproj", "{477B2E77-3D36-FE43-836B-FDEE675D4A79}"
EndProject
Project("{FAE04EC0-301F-11D3-BF4B-00C04F79EFBC}") = "Unity.2D.IK.Runtime", "Unity.2D.IK.Runtime.csproj", "{44A68E50-52F8-9C12-F963-F52097AFDD3E}"
EndProject
Project("{FAE04EC0-301F-11D3-BF4B-00C04F79EFBC}") = "Unity.2D.Tilemap.Extras", "Unity.2D.Tilemap.Extras.csproj", "{A16137B2-9775-9110-C9E7-0FF04E486A63}"
EndProject
Project("{FAE04EC0-301F-11D3-BF4B-00C04F79EFBC}") = "UniTask.TextMeshPro", "UniTask.TextMeshPro.csproj", "{A7767975-9267-E919-8E67-8620EAEAFBEA}"
EndProject
Project("{FAE04EC0-301F-11D3-BF4B-00C04F79EFBC}") = "Unity.InternalAPIEngineBridge.001", "Unity.InternalAPIEngineBridge.001.csproj", "{73CA5F1C-2846-5F46-DF46-6BF595826943}"
EndProject
Project("{FAE04EC0-301F-11D3-BF4B-00C04F79EFBC}") = "UniTask.Addressables", "UniTask.Addressables.csproj", "{F818D89E-D1F1-2898-7AAB-BA8B56D8198C}"
EndProject
Project("{FAE04EC0-301F-11D3-BF4B-00C04F79EFBC}") = "Unity.PlasticSCM.Editor", "Unity.PlasticSCM.Editor.csproj", "{D24C6094-4097-6BDB-E5DD-0462B8BFA670}"
EndProject
Project("{FAE04EC0-301F-11D3-BF4B-00C04F79EFBC}") = "Unity.VisualScripting.Core.Editor", "Unity.VisualScripting.Core.Editor.csproj", "{AF750552-BA83-AAE1-396A-50D5ED99C67F}"
EndProject
Project("{FAE04EC0-301F-11D3-BF4B-00C04F79EFBC}") = "Unity.VisualScripting.Flow.Editor", "Unity.VisualScripting.Flow.Editor.csproj", "{F2DE766B-F307-CC3E-0840-55271BE6501E}"
EndProject
Project("{FAE04EC0-301F-11D3-BF4B-00C04F79EFBC}") = "Unity.Addressables.Editor", "Unity.Addressables.Editor.csproj", "{A251EF24-B648-B93A-5F16-BA659E1CC555}"
EndProject
Project("{FAE04EC0-301F-11D3-BF4B-00C04F79EFBC}") = "Unity.VisualStudio.Editor", "Unity.VisualStudio.Editor.csproj", "{522DD652-7871-897A-9298-AA1EEAA48A16}"
EndProject
Project("{FAE04EC0-301F-11D3-BF4B-00C04F79EFBC}") = "Unity.Timeline.Editor", "Unity.Timeline.Editor.csproj", "{9036E7AF-9E5D-631C-F6FA-604BD68935EA}"
EndProject
Project("{FAE04EC0-301F-11D3-BF4B-00C04F79EFBC}") = "Unity.VisualScripting.State.Editor", "Unity.VisualScripting.State.Editor.csproj", "{29B06897-C0A3-07B9-A65D-41D7F515313C}"
EndProject
Project("{FAE04EC0-301F-11D3-BF4B-00C04F79EFBC}") = "Unity.TextMeshPro.Editor", "Unity.TextMeshPro.Editor.csproj", "{4CB34FE6-024E-56D1-56DA-CE0800F779BE}"
EndProject
Project("{FAE04EC0-301F-11D3-BF4B-00C04F79EFBC}") = "Unity.2D.PixelPerfect.Editor", "Unity.2D.PixelPerfect.Editor.csproj", "{F0A757DD-3D1F-0C52-3668-2E4AD784C4E7}"
EndProject
Project("{FAE04EC0-301F-11D3-BF4B-00C04F79EFBC}") = "Unity.2D.Animation.Editor", "Unity.2D.Animation.Editor.csproj", "{D6C3AF8F-125B-C456-00B2-06F916726AB0}"
EndProject
Project("{FAE04EC0-301F-11D3-BF4B-00C04F79EFBC}") = "Unity.VisualScripting.SettingsProvider.Editor", "Unity.VisualScripting.SettingsProvider.Editor.csproj", "{EE1A9D7D-0931-C951-482E-A02E44EE1166}"
EndProject
Project("{FAE04EC0-301F-11D3-BF4B-00C04F79EFBC}") = "Unity.2D.Psdimporter.Editor", "Unity.2D.Psdimporter.Editor.csproj", "{28D617AB-FD0A-D2AD-A07B-82074D52159E}"
EndProject
Project("{FAE04EC0-301F-11D3-BF4B-00C04F79EFBC}") = "UnityEditor.TestRunner", "UnityEditor.TestRunner.csproj", "{124B7413-1078-C5E1-938D-03BE19342F61}"
EndProject
Project("{FAE04EC0-301F-11D3-BF4B-00C04F79EFBC}") = "Unity.2D.Tilemap.Editor", "Unity.2D.Tilemap.Editor.csproj", "{B2873D0E-1515-BABA-3B68-78266B48EBE2}"
EndProject
Project("{FAE04EC0-301F-11D3-BF4B-00C04F79EFBC}") = "Unity.TestTools.CodeCoverage.Editor", "Unity.TestTools.CodeCoverage.Editor.csproj", "{53104995-427C-C302-F187-11E046D0EC50}"
EndProject
Project("{FAE04EC0-301F-11D3-BF4B-00C04F79EFBC}") = "Unity.Rider.Editor", "Unity.Rider.Editor.csproj", "{8A7FB481-E1B9-E21F-F7F8-DD31ECD7F7C2}"
EndProject
Project("{FAE04EC0-301F-11D3-BF4B-00C04F79EFBC}") = "Unity.ScriptableBuildPipeline.Editor", "Unity.ScriptableBuildPipeline.Editor.csproj", "{2AFADB9E-036A-D8EA-FE5B-0E7EF27F72AD}"
EndProject
Project("{FAE04EC0-301F-11D3-BF4B-00C04F79EFBC}") = "Unity.2D.Path.Editor", "Unity.2D.Path.Editor.csproj", "{6BE067DB-83A8-B500-D109-101EEC7E5EFA}"
EndProject
Project("{FAE04EC0-301F-11D3-BF4B-00C04F79EFBC}") = "PsdPlugin", "PsdPlugin.csproj", "{897E2239-9BB0-E516-403F-A5AE64210769}"
EndProject
Project("{FAE04EC0-301F-11D3-BF4B-00C04F79EFBC}") = "Unity.Performance.Profile-Analyzer.Editor", "Unity.Performance.Profile-Analyzer.Editor.csproj", "{B6F34210-2A0F-C010-50D7-00536201A8BD}"
EndProject
Project("{FAE04EC0-301F-11D3-BF4B-00C04F79EFBC}") = "Unity.AI.Navigation.Editor", "Unity.AI.Navigation.Editor.csproj", "{ED2D03FE-1309-F171-3A25-23D0482B1C1F}"
EndProject
Project("{FAE04EC0-301F-11D3-BF4B-00C04F79EFBC}") = "Unity.2D.IK.Editor", "Unity.2D.IK.Editor.csproj", "{9E371A2F-E210-5287-473C-AE50E6847F17}"
EndProject
Project("{FAE04EC0-301F-11D3-BF4B-00C04F79EFBC}") = "Unity.2D.SpriteShape.Editor", "Unity.2D.SpriteShape.Editor.csproj", "{B258D12E-8D06-0C9A-9D2A-C88A7D2F18F5}"
EndProject
Project("{FAE04EC0-301F-11D3-BF4B-00C04F79EFBC}") = "Unity.SysrootPackage.Editor", "Unity.SysrootPackage.Editor.csproj", "{40B67AE6-9E03-69FF-B5A9-5C8E8E723467}"
EndProject
Project("{FAE04EC0-301F-11D3-BF4B-00C04F79EFBC}") = "Unity.Burst.CodeGen", "Unity.Burst.CodeGen.csproj", "{48E89464-8F14-0B2B-E5D3-C4963BEE0548}"
EndProject
Project("{FAE04EC0-301F-11D3-BF4B-00C04F79EFBC}") = "Unity.VSCode.Editor", "Unity.VSCode.Editor.csproj", "{3DBA1BCB-E05E-56AC-C82D-6A10C0DF364D}"
EndProject
Project("{FAE04EC0-301F-11D3-BF4B-00C04F79EFBC}") = "Unity.Toolchain.Win-x86_64-Linux-x86_64", "Unity.Toolchain.Win-x86_64-Linux-x86_64.csproj", "{7850D81F-2771-7D82-6D25-02AEA6E2800D}"
EndProject
Project("{FAE04EC0-301F-11D3-BF4B-00C04F79EFBC}") = "Unity.AI.Navigation.Editor.ConversionSystem", "Unity.AI.Navigation.Editor.ConversionSystem.csproj", "{18C8D3EF-FC73-D1B6-E65B-FEEDE419A238}"
EndProject
Project("{FAE04EC0-301F-11D3-BF4B-00C04F79EFBC}") = "Unity.2D.Sprite.Editor", "Unity.2D.Sprite.Editor.csproj", "{A75ECF9F-902C-CCCE-CEDD-39B4348BBAF3}"
EndProject
Project("{FAE04EC0-301F-11D3-BF4B-00C04F79EFBC}") = "UnityEditor.UI", "UnityEditor.UI.csproj", "{4BE0E5BA-13D8-BA57-CAC9-42EFEE1339C3}"
EndProject
Project("{FAE04EC0-301F-11D3-BF4B-00C04F79EFBC}") = "Unity.TestTools.CodeCoverage.Editor.OpenCover.Model", "Unity.TestTools.CodeCoverage.Editor.OpenCover.Model.csproj", "{DC8B0845-2931-29D6-EE25-E952E4FCD00E}"
EndProject
Project("{FAE04EC0-301F-11D3-BF4B-00C04F79EFBC}") = "Unity.EditorCoroutines.Editor", "Unity.EditorCoroutines.Editor.csproj", "{9235991A-2845-DA9A-8048-C89E8BECC413}"
EndProject
Project("{FAE04EC0-301F-11D3-BF4B-00C04F79EFBC}") = "Unity.Settings.Editor", "Unity.Settings.Editor.csproj", "{60003DB2-FBAE-C3E9-0AB1-5DBFED38309B}"
EndProject
Project("{FAE04EC0-301F-11D3-BF4B-00C04F79EFBC}") = "Unity.2D.Common.Editor", "Unity.2D.Common.Editor.csproj", "{FEEF20CA-F11E-FD30-7BBC-FC37506DA996}"
EndProject
Project("{FAE04EC0-301F-11D3-BF4B-00C04F79EFBC}") = "UniTask.Editor", "UniTask.Editor.csproj", "{76B0DF45-7DFC-765E-5628-FB76722B9BF3}"
EndProject
Project("{FAE04EC0-301F-11D3-BF4B-00C04F79EFBC}") = "Unity.CollabProxy.Editor", "Unity.CollabProxy.Editor.csproj", "{8DD89F31-ADBC-34EB-63C1-D34E999C7FEB}"
EndProject
Project("{FAE04EC0-301F-11D3-BF4B-00C04F79EFBC}") = "Unity.Mathematics.Editor", "Unity.Mathematics.Editor.csproj", "{AC8AC4B8-ECE0-E992-20C3-3C944D404878}"
EndProject
Project("{FAE04EC0-301F-11D3-BF4B-00C04F79EFBC}") = "UnityEditor.CacheServer", "UnityEditor.CacheServer.csproj", "{C9434625-47F4-2E91-7A2B-DF7AFEBC130F}"
EndProject
Project("{FAE04EC0-301F-11D3-BF4B-00C04F79EFBC}") = "Unity.2D.Tilemap.Extras.Editor", "Unity.2D.Tilemap.Extras.Editor.csproj", "{B0AF7EAA-13DB-A31D-2FC7-0253B2AD43BF}"
EndProject
Project("{FAE04EC0-301F-11D3-BF4B-00C04F79EFBC}") = "Unity.Burst.Editor", "Unity.Burst.Editor.csproj", "{D90614E3-2045-CCEE-0F94-EBC53CF83823}"
EndProject
Project("{FAE04EC0-301F-11D3-BF4B-00C04F79EFBC}") = "Unity.AI.Navigation.Updater", "Unity.AI.Navigation.Updater.csproj", "{58166903-D730-F629-0317-D101CB1F5EF4}"
EndProject
Project("{FAE04EC0-301F-11D3-BF4B-00C04F79EFBC}") = "Unity.InternalAPIEditorBridge.001", "Unity.InternalAPIEditorBridge.001.csproj", "{74C52B21-CE66-B63C-75FE-1DCC5D1B6FC6}"
EndProject
Project("{FAE04EC0-301F-11D3-BF4B-00C04F79EFBC}") = "Unity.TestTools.CodeCoverage.Editor.OpenCover.Mono.Reflection", "Unity.TestTools.CodeCoverage.Editor.OpenCover.Mono.Reflection.csproj", "{DCD1D739-F5EA-6775-4797-1BDDBBABF0A5}"
EndProject
Project("{FAE04EC0-301F-11D3-BF4B-00C04F79EFBC}") = "Unity.Sysroot.Linux_x86_64", "Unity.Sysroot.Linux_x86_64.csproj", "{09B5EA08-FF4E-E433-AB38-9D7195A181AF}"
EndProject
Project("{FAE04EC0-301F-11D3-BF4B-00C04F79EFBC}") = "Unity.VisualScripting.Shared.Editor", "Unity.VisualScripting.Shared.Editor.csproj", "{0EEE0EC6-F991-FA04-FCCC-0177A5C508B0}"
EndProject
Project("{FAE04EC0-301F-11D3-BF4B-00C04F79EFBC}") = "Assembly-CSharp-Editor", "Assembly-CSharp-Editor.csproj", "{134D81F3-9190-CF87-46E6-8116CE237444}"
EndProject
Global
	GlobalSection(SolutionConfigurationPlatforms) = preSolution
		Debug|Any CPU = Debug|Any CPU
		Release|Any CPU = Release|Any CPU
	EndGlobalSection
	GlobalSection(ProjectConfigurationPlatforms) = postSolution
		{E9143838-05BE-AB3C-5CF4-383FB0961BFA}.Debug|Any CPU.ActiveCfg = Debug|Any CPU
		{E9143838-05BE-AB3C-5CF4-383FB0961BFA}.Debug|Any CPU.Build.0 = Debug|Any CPU
		{E9143838-05BE-AB3C-5CF4-383FB0961BFA}.Release|Any CPU.ActiveCfg = Release|Any CPU
		{E9143838-05BE-AB3C-5CF4-383FB0961BFA}.Release|Any CPU.Build.0 = Release|Any CPU
		{4363661C-FCB8-643A-3C3C-6073F351718F}.Debug|Any CPU.ActiveCfg = Debug|Any CPU
		{4363661C-FCB8-643A-3C3C-6073F351718F}.Debug|Any CPU.Build.0 = Debug|Any CPU
		{4363661C-FCB8-643A-3C3C-6073F351718F}.Release|Any CPU.ActiveCfg = Release|Any CPU
		{4363661C-FCB8-643A-3C3C-6073F351718F}.Release|Any CPU.Build.0 = Release|Any CPU
		{40D6F1B7-502C-0A2F-3320-72E5FC666956}.Debug|Any CPU.ActiveCfg = Debug|Any CPU
		{40D6F1B7-502C-0A2F-3320-72E5FC666956}.Debug|Any CPU.Build.0 = Debug|Any CPU
		{40D6F1B7-502C-0A2F-3320-72E5FC666956}.Release|Any CPU.ActiveCfg = Release|Any CPU
		{40D6F1B7-502C-0A2F-3320-72E5FC666956}.Release|Any CPU.Build.0 = Release|Any CPU
		{D990566C-A910-AD69-D01D-68FFB2CF63CA}.Debug|Any CPU.ActiveCfg = Debug|Any CPU
		{D990566C-A910-AD69-D01D-68FFB2CF63CA}.Debug|Any CPU.Build.0 = Debug|Any CPU
		{D990566C-A910-AD69-D01D-68FFB2CF63CA}.Release|Any CPU.ActiveCfg = Release|Any CPU
		{D990566C-A910-AD69-D01D-68FFB2CF63CA}.Release|Any CPU.Build.0 = Release|Any CPU
		{40D9EDB7-3339-725F-C8DF-113838BC2B58}.Debug|Any CPU.ActiveCfg = Debug|Any CPU
		{40D9EDB7-3339-725F-C8DF-113838BC2B58}.Debug|Any CPU.Build.0 = Debug|Any CPU
		{40D9EDB7-3339-725F-C8DF-113838BC2B58}.Release|Any CPU.ActiveCfg = Release|Any CPU
		{40D9EDB7-3339-725F-C8DF-113838BC2B58}.Release|Any CPU.Build.0 = Release|Any CPU
		{D37927EB-A4E6-BC10-1035-855075C52A40}.Debug|Any CPU.ActiveCfg = Debug|Any CPU
		{D37927EB-A4E6-BC10-1035-855075C52A40}.Debug|Any CPU.Build.0 = Debug|Any CPU
		{D37927EB-A4E6-BC10-1035-855075C52A40}.Release|Any CPU.ActiveCfg = Release|Any CPU
		{D37927EB-A4E6-BC10-1035-855075C52A40}.Release|Any CPU.Build.0 = Release|Any CPU
		{98300C76-E6E3-0CB6-DCDF-52E380A0EA75}.Debug|Any CPU.ActiveCfg = Debug|Any CPU
		{98300C76-E6E3-0CB6-DCDF-52E380A0EA75}.Debug|Any CPU.Build.0 = Debug|Any CPU
		{98300C76-E6E3-0CB6-DCDF-52E380A0EA75}.Release|Any CPU.ActiveCfg = Release|Any CPU
		{98300C76-E6E3-0CB6-DCDF-52E380A0EA75}.Release|Any CPU.Build.0 = Release|Any CPU
		{B6E82BAA-98BF-20E7-7E85-DEE09C068C07}.Debug|Any CPU.ActiveCfg = Debug|Any CPU
		{B6E82BAA-98BF-20E7-7E85-DEE09C068C07}.Debug|Any CPU.Build.0 = Debug|Any CPU
		{B6E82BAA-98BF-20E7-7E85-DEE09C068C07}.Release|Any CPU.ActiveCfg = Release|Any CPU
		{B6E82BAA-98BF-20E7-7E85-DEE09C068C07}.Release|Any CPU.Build.0 = Release|Any CPU
		{951C49C4-EDBA-8482-71F1-7ADE0DAA4353}.Debug|Any CPU.ActiveCfg = Debug|Any CPU
		{951C49C4-EDBA-8482-71F1-7ADE0DAA4353}.Debug|Any CPU.Build.0 = Debug|Any CPU
		{951C49C4-EDBA-8482-71F1-7ADE0DAA4353}.Release|Any CPU.ActiveCfg = Release|Any CPU
		{951C49C4-EDBA-8482-71F1-7ADE0DAA4353}.Release|Any CPU.Build.0 = Release|Any CPU
		{D938A1D3-9089-C2C7-DEEC-415AD63DC0F7}.Debug|Any CPU.ActiveCfg = Debug|Any CPU
		{D938A1D3-9089-C2C7-DEEC-415AD63DC0F7}.Debug|Any CPU.Build.0 = Debug|Any CPU
		{D938A1D3-9089-C2C7-DEEC-415AD63DC0F7}.Release|Any CPU.ActiveCfg = Release|Any CPU
		{D938A1D3-9089-C2C7-DEEC-415AD63DC0F7}.Release|Any CPU.Build.0 = Release|Any CPU
		{94255351-D359-613E-9A17-9FB9973963F6}.Debug|Any CPU.ActiveCfg = Debug|Any CPU
		{94255351-D359-613E-9A17-9FB9973963F6}.Debug|Any CPU.Build.0 = Debug|Any CPU
		{94255351-D359-613E-9A17-9FB9973963F6}.Release|Any CPU.ActiveCfg = Release|Any CPU
		{94255351-D359-613E-9A17-9FB9973963F6}.Release|Any CPU.Build.0 = Release|Any CPU
		{2688B59B-3237-DF58-03B2-D6FC27E4A1ED}.Debug|Any CPU.ActiveCfg = Debug|Any CPU
		{2688B59B-3237-DF58-03B2-D6FC27E4A1ED}.Debug|Any CPU.Build.0 = Debug|Any CPU
		{2688B59B-3237-DF58-03B2-D6FC27E4A1ED}.Release|Any CPU.ActiveCfg = Release|Any CPU
		{2688B59B-3237-DF58-03B2-D6FC27E4A1ED}.Release|Any CPU.Build.0 = Release|Any CPU
		{A66649AA-6D46-31BB-2FF6-DE0040CD7921}.Debug|Any CPU.ActiveCfg = Debug|Any CPU
		{A66649AA-6D46-31BB-2FF6-DE0040CD7921}.Debug|Any CPU.Build.0 = Debug|Any CPU
		{A66649AA-6D46-31BB-2FF6-DE0040CD7921}.Release|Any CPU.ActiveCfg = Release|Any CPU
		{A66649AA-6D46-31BB-2FF6-DE0040CD7921}.Release|Any CPU.Build.0 = Release|Any CPU
		{D921E5D7-18A7-69C2-3B7D-A0F42F2FFD95}.Debug|Any CPU.ActiveCfg = Debug|Any CPU
		{D921E5D7-18A7-69C2-3B7D-A0F42F2FFD95}.Debug|Any CPU.Build.0 = Debug|Any CPU
		{D921E5D7-18A7-69C2-3B7D-A0F42F2FFD95}.Release|Any CPU.ActiveCfg = Release|Any CPU
		{D921E5D7-18A7-69C2-3B7D-A0F42F2FFD95}.Release|Any CPU.Build.0 = Release|Any CPU
		{8C9D35F2-2A90-F9C3-F2E7-DA6132049E3E}.Debug|Any CPU.ActiveCfg = Debug|Any CPU
		{8C9D35F2-2A90-F9C3-F2E7-DA6132049E3E}.Debug|Any CPU.Build.0 = Debug|Any CPU
		{8C9D35F2-2A90-F9C3-F2E7-DA6132049E3E}.Release|Any CPU.ActiveCfg = Release|Any CPU
		{8C9D35F2-2A90-F9C3-F2E7-DA6132049E3E}.Release|Any CPU.Build.0 = Release|Any CPU
		{23AE2C71-194F-0B3C-72CD-98A8A0231149}.Debug|Any CPU.ActiveCfg = Debug|Any CPU
		{23AE2C71-194F-0B3C-72CD-98A8A0231149}.Debug|Any CPU.Build.0 = Debug|Any CPU
		{23AE2C71-194F-0B3C-72CD-98A8A0231149}.Release|Any CPU.ActiveCfg = Release|Any CPU
		{23AE2C71-194F-0B3C-72CD-98A8A0231149}.Release|Any CPU.Build.0 = Release|Any CPU
		{1FC1DBDD-4E26-5AC5-F1D5-73149115AFF0}.Debug|Any CPU.ActiveCfg = Debug|Any CPU
		{1FC1DBDD-4E26-5AC5-F1D5-73149115AFF0}.Debug|Any CPU.Build.0 = Debug|Any CPU
		{1FC1DBDD-4E26-5AC5-F1D5-73149115AFF0}.Release|Any CPU.ActiveCfg = Release|Any CPU
		{1FC1DBDD-4E26-5AC5-F1D5-73149115AFF0}.Release|Any CPU.Build.0 = Release|Any CPU
		{DD26BEF0-6F74-C48E-AB22-05AD484E42CA}.Debug|Any CPU.ActiveCfg = Debug|Any CPU
		{DD26BEF0-6F74-C48E-AB22-05AD484E42CA}.Debug|Any CPU.Build.0 = Debug|Any CPU
		{DD26BEF0-6F74-C48E-AB22-05AD484E42CA}.Release|Any CPU.ActiveCfg = Release|Any CPU
		{DD26BEF0-6F74-C48E-AB22-05AD484E42CA}.Release|Any CPU.Build.0 = Release|Any CPU
		{FEE60A88-B71B-6AB4-4156-C142CF05F0BB}.Debug|Any CPU.ActiveCfg = Debug|Any CPU
		{FEE60A88-B71B-6AB4-4156-C142CF05F0BB}.Debug|Any CPU.Build.0 = Debug|Any CPU
		{FEE60A88-B71B-6AB4-4156-C142CF05F0BB}.Release|Any CPU.ActiveCfg = Release|Any CPU
		{FEE60A88-B71B-6AB4-4156-C142CF05F0BB}.Release|Any CPU.Build.0 = Release|Any CPU
		{95F7E09E-C128-FA8B-BFB4-7000721A7259}.Debug|Any CPU.ActiveCfg = Debug|Any CPU
		{95F7E09E-C128-FA8B-BFB4-7000721A7259}.Debug|Any CPU.Build.0 = Debug|Any CPU
		{95F7E09E-C128-FA8B-BFB4-7000721A7259}.Release|Any CPU.ActiveCfg = Release|Any CPU
		{95F7E09E-C128-FA8B-BFB4-7000721A7259}.Release|Any CPU.Build.0 = Release|Any CPU
		{6BFE20F7-0E97-D1E1-84CB-9D477802FCD0}.Debug|Any CPU.ActiveCfg = Debug|Any CPU
		{6BFE20F7-0E97-D1E1-84CB-9D477802FCD0}.Debug|Any CPU.Build.0 = Debug|Any CPU
		{6BFE20F7-0E97-D1E1-84CB-9D477802FCD0}.Release|Any CPU.ActiveCfg = Release|Any CPU
		{6BFE20F7-0E97-D1E1-84CB-9D477802FCD0}.Release|Any CPU.Build.0 = Release|Any CPU
		{477B2E77-3D36-FE43-836B-FDEE675D4A79}.Debug|Any CPU.ActiveCfg = Debug|Any CPU
		{477B2E77-3D36-FE43-836B-FDEE675D4A79}.Debug|Any CPU.Build.0 = Debug|Any CPU
		{477B2E77-3D36-FE43-836B-FDEE675D4A79}.Release|Any CPU.ActiveCfg = Release|Any CPU
		{477B2E77-3D36-FE43-836B-FDEE675D4A79}.Release|Any CPU.Build.0 = Release|Any CPU
		{44A68E50-52F8-9C12-F963-F52097AFDD3E}.Debug|Any CPU.ActiveCfg = Debug|Any CPU
		{44A68E50-52F8-9C12-F963-F52097AFDD3E}.Debug|Any CPU.Build.0 = Debug|Any CPU
		{44A68E50-52F8-9C12-F963-F52097AFDD3E}.Release|Any CPU.ActiveCfg = Release|Any CPU
		{44A68E50-52F8-9C12-F963-F52097AFDD3E}.Release|Any CPU.Build.0 = Release|Any CPU
		{A16137B2-9775-9110-C9E7-0FF04E486A63}.Debug|Any CPU.ActiveCfg = Debug|Any CPU
		{A16137B2-9775-9110-C9E7-0FF04E486A63}.Debug|Any CPU.Build.0 = Debug|Any CPU
		{A16137B2-9775-9110-C9E7-0FF04E486A63}.Release|Any CPU.ActiveCfg = Release|Any CPU
		{A16137B2-9775-9110-C9E7-0FF04E486A63}.Release|Any CPU.Build.0 = Release|Any CPU
		{A7767975-9267-E919-8E67-8620EAEAFBEA}.Debug|Any CPU.ActiveCfg = Debug|Any CPU
		{A7767975-9267-E919-8E67-8620EAEAFBEA}.Debug|Any CPU.Build.0 = Debug|Any CPU
		{A7767975-9267-E919-8E67-8620EAEAFBEA}.Release|Any CPU.ActiveCfg = Release|Any CPU
		{A7767975-9267-E919-8E67-8620EAEAFBEA}.Release|Any CPU.Build.0 = Release|Any CPU
		{73CA5F1C-2846-5F46-DF46-6BF595826943}.Debug|Any CPU.ActiveCfg = Debug|Any CPU
		{73CA5F1C-2846-5F46-DF46-6BF595826943}.Debug|Any CPU.Build.0 = Debug|Any CPU
		{73CA5F1C-2846-5F46-DF46-6BF595826943}.Release|Any CPU.ActiveCfg = Release|Any CPU
		{73CA5F1C-2846-5F46-DF46-6BF595826943}.Release|Any CPU.Build.0 = Release|Any CPU
		{F818D89E-D1F1-2898-7AAB-BA8B56D8198C}.Debug|Any CPU.ActiveCfg = Debug|Any CPU
		{F818D89E-D1F1-2898-7AAB-BA8B56D8198C}.Debug|Any CPU.Build.0 = Debug|Any CPU
		{F818D89E-D1F1-2898-7AAB-BA8B56D8198C}.Release|Any CPU.ActiveCfg = Release|Any CPU
		{F818D89E-D1F1-2898-7AAB-BA8B56D8198C}.Release|Any CPU.Build.0 = Release|Any CPU
		{D24C6094-4097-6BDB-E5DD-0462B8BFA670}.Debug|Any CPU.ActiveCfg = Debug|Any CPU
		{D24C6094-4097-6BDB-E5DD-0462B8BFA670}.Debug|Any CPU.Build.0 = Debug|Any CPU
		{D24C6094-4097-6BDB-E5DD-0462B8BFA670}.Release|Any CPU.ActiveCfg = Release|Any CPU
		{D24C6094-4097-6BDB-E5DD-0462B8BFA670}.Release|Any CPU.Build.0 = Release|Any CPU
		{AF750552-BA83-AAE1-396A-50D5ED99C67F}.Debug|Any CPU.ActiveCfg = Debug|Any CPU
		{AF750552-BA83-AAE1-396A-50D5ED99C67F}.Debug|Any CPU.Build.0 = Debug|Any CPU
		{AF750552-BA83-AAE1-396A-50D5ED99C67F}.Release|Any CPU.ActiveCfg = Release|Any CPU
		{AF750552-BA83-AAE1-396A-50D5ED99C67F}.Release|Any CPU.Build.0 = Release|Any CPU
		{F2DE766B-F307-CC3E-0840-55271BE6501E}.Debug|Any CPU.ActiveCfg = Debug|Any CPU
		{F2DE766B-F307-CC3E-0840-55271BE6501E}.Debug|Any CPU.Build.0 = Debug|Any CPU
		{F2DE766B-F307-CC3E-0840-55271BE6501E}.Release|Any CPU.ActiveCfg = Release|Any CPU
		{F2DE766B-F307-CC3E-0840-55271BE6501E}.Release|Any CPU.Build.0 = Release|Any CPU
		{A251EF24-B648-B93A-5F16-BA659E1CC555}.Debug|Any CPU.ActiveCfg = Debug|Any CPU
		{A251EF24-B648-B93A-5F16-BA659E1CC555}.Debug|Any CPU.Build.0 = Debug|Any CPU
		{A251EF24-B648-B93A-5F16-BA659E1CC555}.Release|Any CPU.ActiveCfg = Release|Any CPU
		{A251EF24-B648-B93A-5F16-BA659E1CC555}.Release|Any CPU.Build.0 = Release|Any CPU
		{522DD652-7871-897A-9298-AA1EEAA48A16}.Debug|Any CPU.ActiveCfg = Debug|Any CPU
		{522DD652-7871-897A-9298-AA1EEAA48A16}.Debug|Any CPU.Build.0 = Debug|Any CPU
		{522DD652-7871-897A-9298-AA1EEAA48A16}.Release|Any CPU.ActiveCfg = Release|Any CPU
		{522DD652-7871-897A-9298-AA1EEAA48A16}.Release|Any CPU.Build.0 = Release|Any CPU
		{9036E7AF-9E5D-631C-F6FA-604BD68935EA}.Debug|Any CPU.ActiveCfg = Debug|Any CPU
		{9036E7AF-9E5D-631C-F6FA-604BD68935EA}.Debug|Any CPU.Build.0 = Debug|Any CPU
		{9036E7AF-9E5D-631C-F6FA-604BD68935EA}.Release|Any CPU.ActiveCfg = Release|Any CPU
		{9036E7AF-9E5D-631C-F6FA-604BD68935EA}.Release|Any CPU.Build.0 = Release|Any CPU
		{29B06897-C0A3-07B9-A65D-41D7F515313C}.Debug|Any CPU.ActiveCfg = Debug|Any CPU
		{29B06897-C0A3-07B9-A65D-41D7F515313C}.Debug|Any CPU.Build.0 = Debug|Any CPU
		{29B06897-C0A3-07B9-A65D-41D7F515313C}.Release|Any CPU.ActiveCfg = Release|Any CPU
		{29B06897-C0A3-07B9-A65D-41D7F515313C}.Release|Any CPU.Build.0 = Release|Any CPU
		{4CB34FE6-024E-56D1-56DA-CE0800F779BE}.Debug|Any CPU.ActiveCfg = Debug|Any CPU
		{4CB34FE6-024E-56D1-56DA-CE0800F779BE}.Debug|Any CPU.Build.0 = Debug|Any CPU
		{4CB34FE6-024E-56D1-56DA-CE0800F779BE}.Release|Any CPU.ActiveCfg = Release|Any CPU
		{4CB34FE6-024E-56D1-56DA-CE0800F779BE}.Release|Any CPU.Build.0 = Release|Any CPU
		{F0A757DD-3D1F-0C52-3668-2E4AD784C4E7}.Debug|Any CPU.ActiveCfg = Debug|Any CPU
		{F0A757DD-3D1F-0C52-3668-2E4AD784C4E7}.Debug|Any CPU.Build.0 = Debug|Any CPU
		{F0A757DD-3D1F-0C52-3668-2E4AD784C4E7}.Release|Any CPU.ActiveCfg = Release|Any CPU
		{F0A757DD-3D1F-0C52-3668-2E4AD784C4E7}.Release|Any CPU.Build.0 = Release|Any CPU
		{D6C3AF8F-125B-C456-00B2-06F916726AB0}.Debug|Any CPU.ActiveCfg = Debug|Any CPU
		{D6C3AF8F-125B-C456-00B2-06F916726AB0}.Debug|Any CPU.Build.0 = Debug|Any CPU
		{D6C3AF8F-125B-C456-00B2-06F916726AB0}.Release|Any CPU.ActiveCfg = Release|Any CPU
		{D6C3AF8F-125B-C456-00B2-06F916726AB0}.Release|Any CPU.Build.0 = Release|Any CPU
		{EE1A9D7D-0931-C951-482E-A02E44EE1166}.Debug|Any CPU.ActiveCfg = Debug|Any CPU
		{EE1A9D7D-0931-C951-482E-A02E44EE1166}.Debug|Any CPU.Build.0 = Debug|Any CPU
		{EE1A9D7D-0931-C951-482E-A02E44EE1166}.Release|Any CPU.ActiveCfg = Release|Any CPU
		{EE1A9D7D-0931-C951-482E-A02E44EE1166}.Release|Any CPU.Build.0 = Release|Any CPU
		{28D617AB-FD0A-D2AD-A07B-82074D52159E}.Debug|Any CPU.ActiveCfg = Debug|Any CPU
		{28D617AB-FD0A-D2AD-A07B-82074D52159E}.Debug|Any CPU.Build.0 = Debug|Any CPU
		{28D617AB-FD0A-D2AD-A07B-82074D52159E}.Release|Any CPU.ActiveCfg = Release|Any CPU
		{28D617AB-FD0A-D2AD-A07B-82074D52159E}.Release|Any CPU.Build.0 = Release|Any CPU
		{124B7413-1078-C5E1-938D-03BE19342F61}.Debug|Any CPU.ActiveCfg = Debug|Any CPU
		{124B7413-1078-C5E1-938D-03BE19342F61}.Debug|Any CPU.Build.0 = Debug|Any CPU
		{124B7413-1078-C5E1-938D-03BE19342F61}.Release|Any CPU.ActiveCfg = Release|Any CPU
		{124B7413-1078-C5E1-938D-03BE19342F61}.Release|Any CPU.Build.0 = Release|Any CPU
		{B2873D0E-1515-BABA-3B68-78266B48EBE2}.Debug|Any CPU.ActiveCfg = Debug|Any CPU
		{B2873D0E-1515-BABA-3B68-78266B48EBE2}.Debug|Any CPU.Build.0 = Debug|Any CPU
		{B2873D0E-1515-BABA-3B68-78266B48EBE2}.Release|Any CPU.ActiveCfg = Release|Any CPU
		{B2873D0E-1515-BABA-3B68-78266B48EBE2}.Release|Any CPU.Build.0 = Release|Any CPU
		{53104995-427C-C302-F187-11E046D0EC50}.Debug|Any CPU.ActiveCfg = Debug|Any CPU
		{53104995-427C-C302-F187-11E046D0EC50}.Debug|Any CPU.Build.0 = Debug|Any CPU
		{53104995-427C-C302-F187-11E046D0EC50}.Release|Any CPU.ActiveCfg = Release|Any CPU
		{53104995-427C-C302-F187-11E046D0EC50}.Release|Any CPU.Build.0 = Release|Any CPU
		{8A7FB481-E1B9-E21F-F7F8-DD31ECD7F7C2}.Debug|Any CPU.ActiveCfg = Debug|Any CPU
		{8A7FB481-E1B9-E21F-F7F8-DD31ECD7F7C2}.Debug|Any CPU.Build.0 = Debug|Any CPU
		{8A7FB481-E1B9-E21F-F7F8-DD31ECD7F7C2}.Release|Any CPU.ActiveCfg = Release|Any CPU
		{8A7FB481-E1B9-E21F-F7F8-DD31ECD7F7C2}.Release|Any CPU.Build.0 = Release|Any CPU
		{2AFADB9E-036A-D8EA-FE5B-0E7EF27F72AD}.Debug|Any CPU.ActiveCfg = Debug|Any CPU
		{2AFADB9E-036A-D8EA-FE5B-0E7EF27F72AD}.Debug|Any CPU.Build.0 = Debug|Any CPU
		{2AFADB9E-036A-D8EA-FE5B-0E7EF27F72AD}.Release|Any CPU.ActiveCfg = Release|Any CPU
		{2AFADB9E-036A-D8EA-FE5B-0E7EF27F72AD}.Release|Any CPU.Build.0 = Release|Any CPU
		{6BE067DB-83A8-B500-D109-101EEC7E5EFA}.Debug|Any CPU.ActiveCfg = Debug|Any CPU
		{6BE067DB-83A8-B500-D109-101EEC7E5EFA}.Debug|Any CPU.Build.0 = Debug|Any CPU
		{6BE067DB-83A8-B500-D109-101EEC7E5EFA}.Release|Any CPU.ActiveCfg = Release|Any CPU
		{6BE067DB-83A8-B500-D109-101EEC7E5EFA}.Release|Any CPU.Build.0 = Release|Any CPU
		{897E2239-9BB0-E516-403F-A5AE64210769}.Debug|Any CPU.ActiveCfg = Debug|Any CPU
		{897E2239-9BB0-E516-403F-A5AE64210769}.Debug|Any CPU.Build.0 = Debug|Any CPU
		{897E2239-9BB0-E516-403F-A5AE64210769}.Release|Any CPU.ActiveCfg = Release|Any CPU
		{897E2239-9BB0-E516-403F-A5AE64210769}.Release|Any CPU.Build.0 = Release|Any CPU
		{B6F34210-2A0F-C010-50D7-00536201A8BD}.Debug|Any CPU.ActiveCfg = Debug|Any CPU
		{B6F34210-2A0F-C010-50D7-00536201A8BD}.Debug|Any CPU.Build.0 = Debug|Any CPU
		{B6F34210-2A0F-C010-50D7-00536201A8BD}.Release|Any CPU.ActiveCfg = Release|Any CPU
		{B6F34210-2A0F-C010-50D7-00536201A8BD}.Release|Any CPU.Build.0 = Release|Any CPU
		{ED2D03FE-1309-F171-3A25-23D0482B1C1F}.Debug|Any CPU.ActiveCfg = Debug|Any CPU
		{ED2D03FE-1309-F171-3A25-23D0482B1C1F}.Debug|Any CPU.Build.0 = Debug|Any CPU
		{ED2D03FE-1309-F171-3A25-23D0482B1C1F}.Release|Any CPU.ActiveCfg = Release|Any CPU
		{ED2D03FE-1309-F171-3A25-23D0482B1C1F}.Release|Any CPU.Build.0 = Release|Any CPU
		{9E371A2F-E210-5287-473C-AE50E6847F17}.Debug|Any CPU.ActiveCfg = Debug|Any CPU
		{9E371A2F-E210-5287-473C-AE50E6847F17}.Debug|Any CPU.Build.0 = Debug|Any CPU
		{9E371A2F-E210-5287-473C-AE50E6847F17}.Release|Any CPU.ActiveCfg = Release|Any CPU
		{9E371A2F-E210-5287-473C-AE50E6847F17}.Release|Any CPU.Build.0 = Release|Any CPU
		{B258D12E-8D06-0C9A-9D2A-C88A7D2F18F5}.Debug|Any CPU.ActiveCfg = Debug|Any CPU
		{B258D12E-8D06-0C9A-9D2A-C88A7D2F18F5}.Debug|Any CPU.Build.0 = Debug|Any CPU
		{B258D12E-8D06-0C9A-9D2A-C88A7D2F18F5}.Release|Any CPU.ActiveCfg = Release|Any CPU
		{B258D12E-8D06-0C9A-9D2A-C88A7D2F18F5}.Release|Any CPU.Build.0 = Release|Any CPU
		{40B67AE6-9E03-69FF-B5A9-5C8E8E723467}.Debug|Any CPU.ActiveCfg = Debug|Any CPU
		{40B67AE6-9E03-69FF-B5A9-5C8E8E723467}.Debug|Any CPU.Build.0 = Debug|Any CPU
		{40B67AE6-9E03-69FF-B5A9-5C8E8E723467}.Release|Any CPU.ActiveCfg = Release|Any CPU
		{40B67AE6-9E03-69FF-B5A9-5C8E8E723467}.Release|Any CPU.Build.0 = Release|Any CPU
		{48E89464-8F14-0B2B-E5D3-C4963BEE0548}.Debug|Any CPU.ActiveCfg = Debug|Any CPU
		{48E89464-8F14-0B2B-E5D3-C4963BEE0548}.Debug|Any CPU.Build.0 = Debug|Any CPU
		{48E89464-8F14-0B2B-E5D3-C4963BEE0548}.Release|Any CPU.ActiveCfg = Release|Any CPU
		{48E89464-8F14-0B2B-E5D3-C4963BEE0548}.Release|Any CPU.Build.0 = Release|Any CPU
		{3DBA1BCB-E05E-56AC-C82D-6A10C0DF364D}.Debug|Any CPU.ActiveCfg = Debug|Any CPU
		{3DBA1BCB-E05E-56AC-C82D-6A10C0DF364D}.Debug|Any CPU.Build.0 = Debug|Any CPU
		{3DBA1BCB-E05E-56AC-C82D-6A10C0DF364D}.Release|Any CPU.ActiveCfg = Release|Any CPU
		{3DBA1BCB-E05E-56AC-C82D-6A10C0DF364D}.Release|Any CPU.Build.0 = Release|Any CPU
		{7850D81F-2771-7D82-6D25-02AEA6E2800D}.Debug|Any CPU.ActiveCfg = Debug|Any CPU
		{7850D81F-2771-7D82-6D25-02AEA6E2800D}.Debug|Any CPU.Build.0 = Debug|Any CPU
		{7850D81F-2771-7D82-6D25-02AEA6E2800D}.Release|Any CPU.ActiveCfg = Release|Any CPU
		{7850D81F-2771-7D82-6D25-02AEA6E2800D}.Release|Any CPU.Build.0 = Release|Any CPU
		{18C8D3EF-FC73-D1B6-E65B-FEEDE419A238}.Debug|Any CPU.ActiveCfg = Debug|Any CPU
		{18C8D3EF-FC73-D1B6-E65B-FEEDE419A238}.Debug|Any CPU.Build.0 = Debug|Any CPU
		{18C8D3EF-FC73-D1B6-E65B-FEEDE419A238}.Release|Any CPU.ActiveCfg = Release|Any CPU
		{18C8D3EF-FC73-D1B6-E65B-FEEDE419A238}.Release|Any CPU.Build.0 = Release|Any CPU
		{A75ECF9F-902C-CCCE-CEDD-39B4348BBAF3}.Debug|Any CPU.ActiveCfg = Debug|Any CPU
		{A75ECF9F-902C-CCCE-CEDD-39B4348BBAF3}.Debug|Any CPU.Build.0 = Debug|Any CPU
		{A75ECF9F-902C-CCCE-CEDD-39B4348BBAF3}.Release|Any CPU.ActiveCfg = Release|Any CPU
		{A75ECF9F-902C-CCCE-CEDD-39B4348BBAF3}.Release|Any CPU.Build.0 = Release|Any CPU
		{4BE0E5BA-13D8-BA57-CAC9-42EFEE1339C3}.Debug|Any CPU.ActiveCfg = Debug|Any CPU
		{4BE0E5BA-13D8-BA57-CAC9-42EFEE1339C3}.Debug|Any CPU.Build.0 = Debug|Any CPU
		{4BE0E5BA-13D8-BA57-CAC9-42EFEE1339C3}.Release|Any CPU.ActiveCfg = Release|Any CPU
		{4BE0E5BA-13D8-BA57-CAC9-42EFEE1339C3}.Release|Any CPU.Build.0 = Release|Any CPU
		{DC8B0845-2931-29D6-EE25-E952E4FCD00E}.Debug|Any CPU.ActiveCfg = Debug|Any CPU
		{DC8B0845-2931-29D6-EE25-E952E4FCD00E}.Debug|Any CPU.Build.0 = Debug|Any CPU
		{DC8B0845-2931-29D6-EE25-E952E4FCD00E}.Release|Any CPU.ActiveCfg = Release|Any CPU
		{DC8B0845-2931-29D6-EE25-E952E4FCD00E}.Release|Any CPU.Build.0 = Release|Any CPU
		{9235991A-2845-DA9A-8048-C89E8BECC413}.Debug|Any CPU.ActiveCfg = Debug|Any CPU
		{9235991A-2845-DA9A-8048-C89E8BECC413}.Debug|Any CPU.Build.0 = Debug|Any CPU
		{9235991A-2845-DA9A-8048-C89E8BECC413}.Release|Any CPU.ActiveCfg = Release|Any CPU
		{9235991A-2845-DA9A-8048-C89E8BECC413}.Release|Any CPU.Build.0 = Release|Any CPU
		{60003DB2-FBAE-C3E9-0AB1-5DBFED38309B}.Debug|Any CPU.ActiveCfg = Debug|Any CPU
		{60003DB2-FBAE-C3E9-0AB1-5DBFED38309B}.Debug|Any CPU.Build.0 = Debug|Any CPU
		{60003DB2-FBAE-C3E9-0AB1-5DBFED38309B}.Release|Any CPU.ActiveCfg = Release|Any CPU
		{60003DB2-FBAE-C3E9-0AB1-5DBFED38309B}.Release|Any CPU.Build.0 = Release|Any CPU
		{FEEF20CA-F11E-FD30-7BBC-FC37506DA996}.Debug|Any CPU.ActiveCfg = Debug|Any CPU
		{FEEF20CA-F11E-FD30-7BBC-FC37506DA996}.Debug|Any CPU.Build.0 = Debug|Any CPU
		{FEEF20CA-F11E-FD30-7BBC-FC37506DA996}.Release|Any CPU.ActiveCfg = Release|Any CPU
		{FEEF20CA-F11E-FD30-7BBC-FC37506DA996}.Release|Any CPU.Build.0 = Release|Any CPU
		{76B0DF45-7DFC-765E-5628-FB76722B9BF3}.Debug|Any CPU.ActiveCfg = Debug|Any CPU
		{76B0DF45-7DFC-765E-5628-FB76722B9BF3}.Debug|Any CPU.Build.0 = Debug|Any CPU
		{76B0DF45-7DFC-765E-5628-FB76722B9BF3}.Release|Any CPU.ActiveCfg = Release|Any CPU
		{76B0DF45-7DFC-765E-5628-FB76722B9BF3}.Release|Any CPU.Build.0 = Release|Any CPU
		{8DD89F31-ADBC-34EB-63C1-D34E999C7FEB}.Debug|Any CPU.ActiveCfg = Debug|Any CPU
		{8DD89F31-ADBC-34EB-63C1-D34E999C7FEB}.Debug|Any CPU.Build.0 = Debug|Any CPU
		{8DD89F31-ADBC-34EB-63C1-D34E999C7FEB}.Release|Any CPU.ActiveCfg = Release|Any CPU
		{8DD89F31-ADBC-34EB-63C1-D34E999C7FEB}.Release|Any CPU.Build.0 = Release|Any CPU
		{AC8AC4B8-ECE0-E992-20C3-3C944D404878}.Debug|Any CPU.ActiveCfg = Debug|Any CPU
		{AC8AC4B8-ECE0-E992-20C3-3C944D404878}.Debug|Any CPU.Build.0 = Debug|Any CPU
		{AC8AC4B8-ECE0-E992-20C3-3C944D404878}.Release|Any CPU.ActiveCfg = Release|Any CPU
		{AC8AC4B8-ECE0-E992-20C3-3C944D404878}.Release|Any CPU.Build.0 = Release|Any CPU
		{C9434625-47F4-2E91-7A2B-DF7AFEBC130F}.Debug|Any CPU.ActiveCfg = Debug|Any CPU
		{C9434625-47F4-2E91-7A2B-DF7AFEBC130F}.Debug|Any CPU.Build.0 = Debug|Any CPU
		{C9434625-47F4-2E91-7A2B-DF7AFEBC130F}.Release|Any CPU.ActiveCfg = Release|Any CPU
		{C9434625-47F4-2E91-7A2B-DF7AFEBC130F}.Release|Any CPU.Build.0 = Release|Any CPU
		{B0AF7EAA-13DB-A31D-2FC7-0253B2AD43BF}.Debug|Any CPU.ActiveCfg = Debug|Any CPU
		{B0AF7EAA-13DB-A31D-2FC7-0253B2AD43BF}.Debug|Any CPU.Build.0 = Debug|Any CPU
		{B0AF7EAA-13DB-A31D-2FC7-0253B2AD43BF}.Release|Any CPU.ActiveCfg = Release|Any CPU
		{B0AF7EAA-13DB-A31D-2FC7-0253B2AD43BF}.Release|Any CPU.Build.0 = Release|Any CPU
		{D90614E3-2045-CCEE-0F94-EBC53CF83823}.Debug|Any CPU.ActiveCfg = Debug|Any CPU
		{D90614E3-2045-CCEE-0F94-EBC53CF83823}.Debug|Any CPU.Build.0 = Debug|Any CPU
		{D90614E3-2045-CCEE-0F94-EBC53CF83823}.Release|Any CPU.ActiveCfg = Release|Any CPU
		{D90614E3-2045-CCEE-0F94-EBC53CF83823}.Release|Any CPU.Build.0 = Release|Any CPU
		{58166903-D730-F629-0317-D101CB1F5EF4}.Debug|Any CPU.ActiveCfg = Debug|Any CPU
		{58166903-D730-F629-0317-D101CB1F5EF4}.Debug|Any CPU.Build.0 = Debug|Any CPU
		{58166903-D730-F629-0317-D101CB1F5EF4}.Release|Any CPU.ActiveCfg = Release|Any CPU
		{58166903-D730-F629-0317-D101CB1F5EF4}.Release|Any CPU.Build.0 = Release|Any CPU
		{74C52B21-CE66-B63C-75FE-1DCC5D1B6FC6}.Debug|Any CPU.ActiveCfg = Debug|Any CPU
		{74C52B21-CE66-B63C-75FE-1DCC5D1B6FC6}.Debug|Any CPU.Build.0 = Debug|Any CPU
		{74C52B21-CE66-B63C-75FE-1DCC5D1B6FC6}.Release|Any CPU.ActiveCfg = Release|Any CPU
		{74C52B21-CE66-B63C-75FE-1DCC5D1B6FC6}.Release|Any CPU.Build.0 = Release|Any CPU
		{DCD1D739-F5EA-6775-4797-1BDDBBABF0A5}.Debug|Any CPU.ActiveCfg = Debug|Any CPU
		{DCD1D739-F5EA-6775-4797-1BDDBBABF0A5}.Debug|Any CPU.Build.0 = Debug|Any CPU
		{DCD1D739-F5EA-6775-4797-1BDDBBABF0A5}.Release|Any CPU.ActiveCfg = Release|Any CPU
		{DCD1D739-F5EA-6775-4797-1BDDBBABF0A5}.Release|Any CPU.Build.0 = Release|Any CPU
		{09B5EA08-FF4E-E433-AB38-9D7195A181AF}.Debug|Any CPU.ActiveCfg = Debug|Any CPU
		{09B5EA08-FF4E-E433-AB38-9D7195A181AF}.Debug|Any CPU.Build.0 = Debug|Any CPU
		{09B5EA08-FF4E-E433-AB38-9D7195A181AF}.Release|Any CPU.ActiveCfg = Release|Any CPU
		{09B5EA08-FF4E-E433-AB38-9D7195A181AF}.Release|Any CPU.Build.0 = Release|Any CPU
		{0EEE0EC6-F991-FA04-FCCC-0177A5C508B0}.Debug|Any CPU.ActiveCfg = Debug|Any CPU
		{0EEE0EC6-F991-FA04-FCCC-0177A5C508B0}.Debug|Any CPU.Build.0 = Debug|Any CPU
		{0EEE0EC6-F991-FA04-FCCC-0177A5C508B0}.Release|Any CPU.ActiveCfg = Release|Any CPU
		{0EEE0EC6-F991-FA04-FCCC-0177A5C508B0}.Release|Any CPU.Build.0 = Release|Any CPU
		{134D81F3-9190-CF87-46E6-8116CE237444}.Debug|Any CPU.ActiveCfg = Debug|Any CPU
		{134D81F3-9190-CF87-46E6-8116CE237444}.Debug|Any CPU.Build.0 = Debug|Any CPU
		{134D81F3-9190-CF87-46E6-8116CE237444}.Release|Any CPU.ActiveCfg = Release|Any CPU
		{134D81F3-9190-CF87-46E6-8116CE237444}.Release|Any CPU.Build.0 = Release|Any CPU
	EndGlobalSection
	GlobalSection(SolutionProperties) = preSolution
		HideSolutionNode = FALSE
	EndGlobalSection
EndGlobal
